
Microsoft Visual Studio Solution File, Format Version 12.00
# Visual Studio Version 17
VisualStudioVersion = 17.9.34728.123
MinimumVisualStudioVersion = 10.0.40219.1
Project("{FAE04EC0-301F-11D3-BF4B-00C04F79EFBC}") = "WpfApp1", "WpfApp1.csproj", "{CF3EE874-2130-4827-8D93-704C523D3246}"
EndProject
Global
	GlobalSection(SolutionConfigurationPlatforms) = preSolution
		Debug|Any CPU = Debug|Any CPU
		Release|Any CPU = Release|Any CPU
	EndGlobalSection
	GlobalSection(ProjectConfigurationPlatforms) = postSolution
		{CF3EE874-2130-4827-8D93-704C523D3246}.Debug|Any CPU.ActiveCfg = Debug|Any CPU
		{CF3EE874-2130-4827-8D93-704C523D3246}.Debug|Any CPU.Build.0 = Debug|Any CPU
		{CF3EE874-2130-4827-8D93-704C523D3246}.Release|Any CPU.ActiveCfg = Release|Any CPU
		{CF3EE874-2130-4827-8D93-704C523D3246}.Release|Any CPU.Build.0 = Release|Any CPU
	EndGlobalSection
	GlobalSection(SolutionProperties) = preSolution
		HideSolutionNode = FALSE
	EndGlobalSection
	GlobalSection(ExtensibilityGlobals) = postSolution
		SolutionGuid = {C12EE49F-7C76-4AC4-B124-F45779A678DB}
	EndGlobalSection
EndGlobal
